
Microsoft Visual Studio Solution File, Format Version 12.00
# Visual Studio Version 17
VisualStudioVersion = 17.9.34728.123
MinimumVisualStudioVersion = 10.0.40219.1
Project("{FAE04EC0-301F-11D3-BF4B-00C04F79EFBC}") = "GUIproject", "GUIproject\GUIproject.csproj", "{5BD59C02-3813-4E93-8695-BFBDF8258F8F}"
EndProject
Global
	GlobalSection(SolutionConfigurationPlatforms) = preSolution
		Debug|Any CPU = Debug|Any CPU
		Release|Any CPU = Release|Any CPU
	EndGlobalSection
	GlobalSection(ProjectConfigurationPlatforms) = postSolution
		{5BD59C02-3813-4E93-8695-BFBDF8258F8F}.Debug|Any CPU.ActiveCfg = Debug|Any CPU
		{5BD59C02-3813-4E93-8695-BFBDF8258F8F}.Debug|Any CPU.Build.0 = Debug|Any CPU
		{5BD59C02-3813-4E93-8695-BFBDF8258F8F}.Release|Any CPU.ActiveCfg = Release|Any CPU
		{5BD59C02-3813-4E93-8695-BFBDF8258F8F}.Release|Any CPU.Build.0 = Release|Any CPU
	EndGlobalSection
	GlobalSection(SolutionProperties) = preSolution
		HideSolutionNode = FALSE
	EndGlobalSection
	GlobalSection(ExtensibilityGlobals) = postSolution
		SolutionGuid = {C73AA113-B852-4E8C-869E-448FAE96C35D}
	EndGlobalSection
EndGlobal
